// !$*UTF8*$!
{
	archiveVersion = 1;
	classes = {
	};
	objectVersion = 50;
	objects = {

/* Begin PBXBuildFile section */
		096CC80C29D4F6CE000FF86B /* SlotsApp.swift in Sources */ = {isa = PBXBuildFile; fileRef = 096CC80B29D4F6CE000FF86B /* SlotsApp.swift */; };
		096CC80E29D4F6CE000FF86B /* ContentView.swift in Sources */ = {isa = PBXBuildFile; fileRef = 096CC80D29D4F6CE000FF86B /* ContentView.swift */; };
		096CC81029D4F6CE000FF86B /* Assets.xcassets in Resources */ = {isa = PBXBuildFile; fileRef = 096CC80F29D4F6CE000FF86B /* Assets.xcassets */; };
		096CC81329D4F6CE000FF86B /* Preview Assets.xcassets in Resources */ = {isa = PBXBuildFile; fileRef = 096CC81229D4F6CE000FF86B /* Preview Assets.xcassets */; };
		096CC81E29D4F6CF000FF86B /* SlotsTests.swift in Sources */ = {isa = PBXBuildFile; fileRef = 096CC81D29D4F6CF000FF86B /* SlotsTests.swift */; };
		096CC82929D4F6CF000FF86B /* SlotsUITests.swift in Sources */ = {isa = PBXBuildFile; fileRef = 096CC82829D4F6CF000FF86B /* SlotsUITests.swift */; };
/* End PBXBuildFile section */

/* Begin PBXContainerItemProxy section */
		096CC81A29D4F6CE000FF86B /* PBXContainerItemProxy */ = {
			isa = PBXContainerItemProxy;
			containerPortal = 096CC80029D4F6CE000FF86B /* Project object */;
			proxyType = 1;
			remoteGlobalIDString = 096CC80729D4F6CE000FF86B;
			remoteInfo = Slots;
		};
		096CC82529D4F6CF000FF86B /* PBXContainerItemProxy */ = {
			isa = PBXContainerItemProxy;
			containerPortal = 096CC80029D4F6CE000FF86B /* Project object */;
			proxyType = 1;
			remoteGlobalIDString = 096CC80729D4F6CE000FF86B;
			remoteInfo = Slots;
		};
/* End PBXContainerItemProxy section */

/* Begin PBXFileReference section */
		096CC80829D4F6CE000FF86B /* Slots.app */ = {isa = PBXFileReference; explicitFileType = wrapper.application; includeInIndex = 0; path = Slots.app; sourceTree = BUILT_PRODUCTS_DIR; };
		096CC80B29D4F6CE000FF86B /* SlotsApp.swift */ = {isa = PBXFileReference; lastKnownFileType = sourcecode.swift; path = SlotsApp.swift; sourceTree = "<group>"; };
		096CC80D29D4F6CE000FF86B /* ContentView.swift */ = {isa = PBXFileReference; lastKnownFileType = sourcecode.swift; path = ContentView.swift; sourceTree = "<group>"; };
		096CC80F29D4F6CE000FF86B /* Assets.xcassets */ = {isa = PBXFileReference; lastKnownFileType = folder.assetcatalog; path = Assets.xcassets; sourceTree = "<group>"; };
		096CC81229D4F6CE000FF86B /* Preview Assets.xcassets */ = {isa = PBXFileReference; lastKnownFileType = folder.assetcatalog; path = "Preview Assets.xcassets"; sourceTree = "<group>"; };
		096CC81429D4F6CE000FF86B /* Info.plist */ = {isa = PBXFileReference; lastKnownFileType = text.plist.xml; path = Info.plist; sourceTree = "<group>"; };
		096CC81929D4F6CE000FF86B /* SlotsTests.xctest */ = {isa = PBXFileReference; explicitFileType = wrapper.cfbundle; includeInIndex = 0; path = SlotsTests.xctest; sourceTree = BUILT_PRODUCTS_DIR; };
		096CC81D29D4F6CF000FF86B /* SlotsTests.swift */ = {isa = PBXFileReference; lastKnownFileType = sourcecode.swift; path = SlotsTests.swift; sourceTree = "<group>"; };
		096CC81F29D4F6CF000FF86B /* Info.plist */ = {isa = PBXFileReference; lastKnownFileType = text.plist.xml; path = Info.plist; sourceTree = "<group>"; };
		096CC82429D4F6CF000FF86B /* SlotsUITests.xctest */ = {isa = PBXFileReference; explicitFileType = wrapper.cfbundle; includeInIndex = 0; path = SlotsUITests.xctest; sourceTree = BUILT_PRODUCTS_DIR; };
		096CC82829D4F6CF000FF86B /* SlotsUITests.swift */ = {isa = PBXFileReference; lastKnownFileType = sourcecode.swift; path = SlotsUITests.swift; sourceTree = "<group>"; };
		096CC82A29D4F6CF000FF86B /* Info.plist */ = {isa = PBXFileReference; lastKnownFileType = text.plist.xml; path = Info.plist; sourceTree = "<group>"; };
/* End PBXFileReference section */

/* Begin PBXFrameworksBuildPhase section */
		096CC80529D4F6CE000FF86B /* Frameworks */ = {
			isa = PBXFrameworksBuildPhase;
			buildActionMask = 2147483647;
			files = (
			);
			runOnlyForDeploymentPostprocessing = 0;
		};
		096CC81629D4F6CE000FF86B /* Frameworks */ = {
			isa = PBXFrameworksBuildPhase;
			buildActionMask = 2147483647;
			files = (
			);
			runOnlyForDeploymentPostprocessing = 0;
		};
		096CC82129D4F6CF000FF86B /* Frameworks */ = {
			isa = PBXFrameworksBuildPhase;
			buildActionMask = 2147483647;
			files = (
			);
			runOnlyForDeploymentPostprocessing = 0;
		};
/* End PBXFrameworksBuildPhase section */

/* Begin PBXGroup section */
		096CC7FF29D4F6CE000FF86B = {
			isa = PBXGroup;
			children = (
				096CC80A29D4F6CE000FF86B /* Slots */,
				096CC81C29D4F6CE000FF86B /* SlotsTests */,
				096CC82729D4F6CF000FF86B /* SlotsUITests */,
				096CC80929D4F6CE000FF86B /* Products */,
			);
			sourceTree = "<group>";
		};
		096CC80929D4F6CE000FF86B /* Products */ = {
			isa = PBXGroup;
			children = (
				096CC80829D4F6CE000FF86B /* Slots.app */,
				096CC81929D4F6CE000FF86B /* SlotsTests.xctest */,
				096CC82429D4F6CF000FF86B /* SlotsUITests.xctest */,
			);
			name = Products;
			sourceTree = "<group>";
		};
		096CC80A29D4F6CE000FF86B /* Slots */ = {
			isa = PBXGroup;
			children = (
				096CC80B29D4F6CE000FF86B /* SlotsApp.swift */,
				096CC80D29D4F6CE000FF86B /* ContentView.swift */,
				096CC80F29D4F6CE000FF86B /* Assets.xcassets */,
				096CC81429D4F6CE000FF86B /* Info.plist */,
				096CC81129D4F6CE000FF86B /* Preview Content */,
			);
			path = Slots;
			sourceTree = "<group>";
		};
		096CC81129D4F6CE000FF86B /* Preview Content */ = {
			isa = PBXGroup;
			children = (
				096CC81229D4F6CE000FF86B /* Preview Assets.xcassets */,
			);
			path = "Preview Content";
			sourceTree = "<group>";
		};
		096CC81C29D4F6CE000FF86B /* SlotsTests */ = {
			isa = PBXGroup;
			children = (
				096CC81D29D4F6CF000FF86B /* SlotsTests.swift */,
				096CC81F29D4F6CF000FF86B /* Info.plist */,
			);
			path = SlotsTests;
			sourceTree = "<group>";
		};
		096CC82729D4F6CF000FF86B /* SlotsUITests */ = {
			isa = PBXGroup;
			children = (
				096CC82829D4F6CF000FF86B /* SlotsUITests.swift */,
				096CC82A29D4F6CF000FF86B /* Info.plist */,
			);
			path = SlotsUITests;
			sourceTree = "<group>";
		};
/* End PBXGroup section */

/* Begin PBXNativeTarget section */
		096CC80729D4F6CE000FF86B /* Slots */ = {
			isa = PBXNativeTarget;
			buildConfigurationList = 096CC82D29D4F6CF000FF86B /* Build configuration list for PBXNativeTarget "Slots" */;
			buildPhases = (
				096CC80429D4F6CE000FF86B /* Sources */,
				096CC80529D4F6CE000FF86B /* Frameworks */,
				096CC80629D4F6CE000FF86B /* Resources */,
			);
			buildRules = (
			);
			dependencies = (
			);
			name = Slots;
			productName = Slots;
			productReference = 096CC80829D4F6CE000FF86B /* Slots.app */;
			productType = "com.apple.product-type.application";
		};
		096CC81829D4F6CE000FF86B /* SlotsTests */ = {
			isa = PBXNativeTarget;
			buildConfigurationList = 096CC83029D4F6CF000FF86B /* Build configuration list for PBXNativeTarget "SlotsTests" */;
			buildPhases = (
				096CC81529D4F6CE000FF86B /* Sources */,
				096CC81629D4F6CE000FF86B /* Frameworks */,
				096CC81729D4F6CE000FF86B /* Resources */,
			);
			buildRules = (
			);
			dependencies = (
				096CC81B29D4F6CE000FF86B /* PBXTargetDependency */,
			);
			name = SlotsTests;
			productName = SlotsTests;
			productReference = 096CC81929D4F6CE000FF86B /* SlotsTests.xctest */;
			productType = "com.apple.product-type.bundle.unit-test";
		};
		096CC82329D4F6CF000FF86B /* SlotsUITests */ = {
			isa = PBXNativeTarget;
			buildConfigurationList = 096CC83329D4F6CF000FF86B /* Build configuration list for PBXNativeTarget "SlotsUITests" */;
			buildPhases = (
				096CC82029D4F6CF000FF86B /* Sources */,
				096CC82129D4F6CF000FF86B /* Frameworks */,
				096CC82229D4F6CF000FF86B /* Resources */,
			);
			buildRules = (
			);
			dependencies = (
				096CC82629D4F6CF000FF86B /* PBXTargetDependency */,
			);
			name = SlotsUITests;
			productName = SlotsUITests;
			productReference = 096CC82429D4F6CF000FF86B /* SlotsUITests.xctest */;
			productType = "com.apple.product-type.bundle.ui-testing";
		};
/* End PBXNativeTarget section */

/* Begin PBXProject section */
		096CC80029D4F6CE000FF86B /* Project object */ = {
			isa = PBXProject;
			attributes = {
				LastSwiftUpdateCheck = 1240;
				LastUpgradeCheck = 1240;
				TargetAttributes = {
					096CC80729D4F6CE000FF86B = {
						CreatedOnToolsVersion = 12.4;
					};
					096CC81829D4F6CE000FF86B = {
						CreatedOnToolsVersion = 12.4;
						TestTargetID = 096CC80729D4F6CE000FF86B;
					};
					096CC82329D4F6CF000FF86B = {
						CreatedOnToolsVersion = 12.4;
						TestTargetID = 096CC80729D4F6CE000FF86B;
					};
				};
			};
			buildConfigurationList = 096CC80329D4F6CE000FF86B /* Build configuration list for PBXProject "Slots" */;
			compatibilityVersion = "Xcode 9.3";
			developmentRegion = en;
			hasScannedForEncodings = 0;
			knownRegions = (
				en,
				Base,
			);
			mainGroup = 096CC7FF29D4F6CE000FF86B;
			productRefGroup = 096CC80929D4F6CE000FF86B /* Products */;
			projectDirPath = "";
			projectRoot = "";
			targets = (
				096CC80729D4F6CE000FF86B /* Slots */,
				096CC81829D4F6CE000FF86B /* SlotsTests */,
				096CC82329D4F6CF000FF86B /* SlotsUITests */,
			);
		};
/* End PBXProject section */

/* Begin PBXResourcesBuildPhase section */
		096CC80629D4F6CE000FF86B /* Resources */ = {
			isa = PBXResourcesBuildPhase;
			buildActionMask = 2147483647;
			files = (
				096CC81329D4F6CE000FF86B /* Preview Assets.xcassets in Resources */,
				096CC81029D4F6CE000FF86B /* Assets.xcassets in Resources */,
			);
			runOnlyForDeploymentPostprocessing = 0;
		};
		096CC81729D4F6CE000FF86B /* Resources */ = {
			isa = PBXResourcesBuildPhase;
			buildActionMask = 2147483647;
			files = (
			);
			runOnlyForDeploymentPostprocessing = 0;
		};
		096CC82229D4F6CF000FF86B /* Resources */ = {
			isa = PBXResourcesBuildPhase;
			buildActionMask = 2147483647;
			files = (
			);
			runOnlyForDeploymentPostprocessing = 0;
		};
/* End PBXResourcesBuildPhase section */

/* Begin PBXSourcesBuildPhase section */
		096CC80429D4F6CE000FF86B /* Sources */ = {
			isa = PBXSourcesBuildPhase;
			buildActionMask = 2147483647;
			files = (
				096CC80E29D4F6CE000FF86B /* ContentView.swift in Sources */,
				096CC80C29D4F6CE000FF86B /* SlotsApp.swift in Sources */,
			);
			runOnlyForDeploymentPostprocessing = 0;
		};
		096CC81529D4F6CE000FF86B /* Sources */ = {
			isa = PBXSourcesBuildPhase;
			buildActionMask = 2147483647;
			files = (
				096CC81E29D4F6CF000FF86B /* SlotsTests.swift in Sources */,
			);
			runOnlyForDeploymentPostprocessing = 0;
		};
		096CC82029D4F6CF000FF86B /* Sources */ = {
			isa = PBXSourcesBuildPhase;
			buildActionMask = 2147483647;
			files = (
				096CC82929D4F6CF000FF86B /* SlotsUITests.swift in Sources */,
			);
			runOnlyForDeploymentPostprocessing = 0;
		};
/* End PBXSourcesBuildPhase section */

/* Begin PBXTargetDependency section */
		096CC81B29D4F6CE000FF86B /* PBXTargetDependency */ = {
			isa = PBXTargetDependency;
			target = 096CC80729D4F6CE000FF86B /* Slots */;
			targetProxy = 096CC81A29D4F6CE000FF86B /* PBXContainerItemProxy */;
		};
		096CC82629D4F6CF000FF86B /* PBXTargetDependency */ = {
			isa = PBXTargetDependency;
			target = 096CC80729D4F6CE000FF86B /* Slots */;
			targetProxy = 096CC82529D4F6CF000FF86B /* PBXContainerItemProxy */;
		};
/* End PBXTargetDependency section */

/* Begin XCBuildConfiguration section */
		096CC82B29D4F6CF000FF86B /* Debug */ = {
			isa = XCBuildConfiguration;
			buildSettings = {
				ALWAYS_SEARCH_USER_PATHS = NO;
				CLANG_ANALYZER_NONNULL = YES;
				CLANG_ANALYZER_NUMBER_OBJECT_CONVERSION = YES_AGGRESSIVE;
				CLANG_CXX_LANGUAGE_STANDARD = "gnu++14";
				CLANG_CXX_LIBRARY = "libc++";
				CLANG_ENABLE_MODULES = YES;
				CLANG_ENABLE_OBJC_ARC = YES;
				CLANG_ENABLE_OBJC_WEAK = YES;
				CLANG_WARN_BLOCK_CAPTURE_AUTORELEASING = YES;
				CLANG_WARN_BOOL_CONVERSION = YES;
				CLANG_WARN_COMMA = YES;
				CLANG_WARN_CONSTANT_CONVERSION = YES;
				CLANG_WARN_DEPRECATED_OBJC_IMPLEMENTATIONS = YES;
				CLANG_WARN_DIRECT_OBJC_ISA_USAGE = YES_ERROR;
				CLANG_WARN_DOCUMENTATION_COMMENTS = YES;
				CLANG_WARN_EMPTY_BODY = YES;
				CLANG_WARN_ENUM_CONVERSION = YES;
				CLANG_WARN_INFINITE_RECURSION = YES;
				CLANG_WARN_INT_CONVERSION = YES;
				CLANG_WARN_NON_LITERAL_NULL_CONVERSION = YES;
				CLANG_WARN_OBJC_IMPLICIT_RETAIN_SELF = YES;
				CLANG_WARN_OBJC_LITERAL_CONVERSION = YES;
				CLANG_WARN_OBJC_ROOT_CLASS = YES_ERROR;
				CLANG_WARN_QUOTED_INCLUDE_IN_FRAMEWORK_HEADER = YES;
				CLANG_WARN_RANGE_LOOP_ANALYSIS = YES;
				CLANG_WARN_STRICT_PROTOTYPES = YES;
				CLANG_WARN_SUSPICIOUS_MOVE = YES;
				CLANG_WARN_UNGUARDED_AVAILABILITY = YES_AGGRESSIVE;
				CLANG_WARN_UNREACHABLE_CODE = YES;
				CLANG_WARN__DUPLICATE_METHOD_MATCH = YES;
				COPY_PHASE_STRIP = NO;
				DEBUG_INFORMATION_FORMAT = dwarf;
				ENABLE_STRICT_OBJC_MSGSEND = YES;
				ENABLE_TESTABILITY = YES;
				GCC_C_LANGUAGE_STANDARD = gnu11;
				GCC_DYNAMIC_NO_PIC = NO;
				GCC_NO_COMMON_BLOCKS = YES;
				GCC_OPTIMIZATION_LEVEL = 0;
				GCC_PREPROCESSOR_DEFINITIONS = (
					"DEBUG=1",
					"$(inherited)",
				);
				GCC_WARN_64_TO_32_BIT_CONVERSION = YES;
				GCC_WARN_ABOUT_RETURN_TYPE = YES_ERROR;
				GCC_WARN_UNDECLARED_SELECTOR = YES;
				GCC_WARN_UNINITIALIZED_AUTOS = YES_AGGRESSIVE;
				GCC_WARN_UNUSED_FUNCTION = YES;
				GCC_WARN_UNUSED_VARIABLE = YES;
				IPHONEOS_DEPLOYMENT_TARGET = 14.4;
				MTL_ENABLE_DEBUG_INFO = INCLUDE_SOURCE;
				MTL_FAST_MATH = YES;
				ONLY_ACTIVE_ARCH = YES;
				SDKROOT = iphoneos;
				SWIFT_ACTIVE_COMPILATION_CONDITIONS = DEBUG;
				SWIFT_OPTIMIZATION_LEVEL = "-Onone";
			};
			name = Debug;
		};
		096CC82C29D4F6CF000FF86B /* Release */ = {
			isa = XCBuildConfiguration;
			buildSettings = {
				ALWAYS_SEARCH_USER_PATHS = NO;
				CLANG_ANALYZER_NONNULL = YES;
				CLANG_ANALYZER_NUMBER_OBJECT_CONVERSION = YES_AGGRESSIVE;
				CLANG_CXX_LANGUAGE_STANDARD = "gnu++14";
				CLANG_CXX_LIBRARY = "libc++";
				CLANG_ENABLE_MODULES = YES;
				CLANG_ENABLE_OBJC_ARC = YES;
				CLANG_ENABLE_OBJC_WEAK = YES;
				CLANG_WARN_BLOCK_CAPTURE_AUTORELEASING = YES;
				CLANG_WARN_BOOL_CONVERSION = YES;
				CLANG_WARN_COMMA = YES;
				CLANG_WARN_CONSTANT_CONVERSION = YES;
				CLANG_WARN_DEPRECATED_OBJC_IMPLEMENTATIONS = YES;
				CLANG_WARN_DIRECT_OBJC_ISA_USAGE = YES_ERROR;
				CLANG_WARN_DOCUMENTATION_COMMENTS = YES;
				CLANG_WARN_EMPTY_BODY = YES;
				CLANG_WARN_ENUM_CONVERSION = YES;
				CLANG_WARN_INFINITE_RECURSION = YES;
				CLANG_WARN_INT_CONVERSION = YES;
				CLANG_WARN_NON_LITERAL_NULL_CONVERSION = YES;
				CLANG_WARN_OBJC_IMPLICIT_RETAIN_SELF = YES;
				CLANG_WARN_OBJC_LITERAL_CONVERSION = YES;
				CLANG_WARN_OBJC_ROOT_CLASS = YES_ERROR;
				CLANG_WARN_QUOTED_INCLUDE_IN_FRAMEWORK_HEADER = YES;
				CLANG_WARN_RANGE_LOOP_ANALYSIS = YES;
				CLANG_WARN_STRICT_PROTOTYPES = YES;
				CLANG_WARN_SUSPICIOUS_MOVE = YES;
				CLANG_WARN_UNGUARDED_AVAILABILITY = YES_AGGRESSIVE;
				CLANG_WARN_UNREACHABLE_CODE = YES;
				CLANG_WARN__DUPLICATE_METHOD_MATCH = YES;
				COPY_PHASE_STRIP = NO;
				DEBUG_INFORMATION_FORMAT = "dwarf-with-dsym";
				ENABLE_NS_ASSERTIONS = NO;
				ENABLE_STRICT_OBJC_MSGSEND = YES;
				GCC_C_LANGUAGE_STANDARD = gnu11;
				GCC_NO_COMMON_BLOCKS = YES;
				GCC_WARN_64_TO_32_BIT_CONVERSION = YES;
				GCC_WARN_ABOUT_RETURN_TYPE = YES_ERROR;
				GCC_WARN_UNDECLARED_SELECTOR = YES;
				GCC_WARN_UNINITIALIZED_AUTOS = YES_AGGRESSIVE;
				GCC_WARN_UNUSED_FUNCTION = YES;
				GCC_WARN_UNUSED_VARIABLE = YES;
				IPHONEOS_DEPLOYMENT_TARGET = 14.4;
				MTL_ENABLE_DEBUG_INFO = NO;
				MTL_FAST_MATH = YES;
				SDKROOT = iphoneos;
				SWIFT_COMPILATION_MODE = wholemodule;
				SWIFT_OPTIMIZATION_LEVEL = "-O";
				VALIDATE_PRODUCT = YES;
			};
			name = Release;
		};
		096CC82E29D4F6CF000FF86B /* Debug */ = {
			isa = XCBuildConfiguration;
			buildSettings = {
				ASSETCATALOG_COMPILER_APPICON_NAME = AppIcon;
				ASSETCATALOG_COMPILER_GLOBAL_ACCENT_COLOR_NAME = AccentColor;
				CODE_SIGN_STYLE = Automatic;
				DEVELOPMENT_ASSET_PATHS = "\"Slots/Preview Content\"";
				ENABLE_PREVIEWS = YES;
				INFOPLIST_FILE = Slots/Info.plist;
				IPHONEOS_DEPLOYMENT_TARGET = 14.0;
				LD_RUNPATH_SEARCH_PATHS = (
					"$(inherited)",
					"@executable_path/Frameworks",
				);
				PRODUCT_BUNDLE_IDENTIFIER = "cmp430-lehman.Slots";
				PRODUCT_NAME = "$(TARGET_NAME)";
				SWIFT_VERSION = 5.0;
				TARGETED_DEVICE_FAMILY = "1,2";
			};
			name = Debug;
		};
		096CC82F29D4F6CF000FF86B /* Release */ = {
			isa = XCBuildConfiguration;
			buildSettings = {
				ASSETCATALOG_COMPILER_APPICON_NAME = AppIcon;
				ASSETCATALOG_COMPILER_GLOBAL_ACCENT_COLOR_NAME = AccentColor;
				CODE_SIGN_STYLE = Automatic;
				DEVELOPMENT_ASSET_PATHS = "\"Slots/Preview Content\"";
				ENABLE_PREVIEWS = YES;
				INFOPLIST_FILE = Slots/Info.plist;
				IPHONEOS_DEPLOYMENT_TARGET = 14.0;
				LD_RUNPATH_SEARCH_PATHS = (
					"$(inherited)",
					"@executable_path/Frameworks",
				);
				PRODUCT_BUNDLE_IDENTIFIER = "cmp430-lehman.Slots";
				PRODUCT_NAME = "$(TARGET_NAME)";
				SWIFT_VERSION = 5.0;
				TARGETED_DEVICE_FAMILY = "1,2";
			};
			name = Release;
		};
		096CC83129D4F6CF000FF86B /* Debug */ = {
			isa = XCBuildConfiguration;
			buildSettings = {
				ALWAYS_EMBED_SWIFT_STANDARD_LIBRARIES = YES;
				BUNDLE_LOADER = "$(TEST_HOST)";
				CODE_SIGN_STYLE = Automatic;
				INFOPLIST_FILE = SlotsTests/Info.plist;
				IPHONEOS_DEPLOYMENT_TARGET = 14.0;
				LD_RUNPATH_SEARCH_PATHS = (
					"$(inherited)",
					"@executable_path/Frameworks",
					"@loader_path/Frameworks",
				);
				PRODUCT_BUNDLE_IDENTIFIER = "cmp430-lehman.SlotsTests";
				PRODUCT_NAME = "$(TARGET_NAME)";
				SWIFT_VERSION = 5.0;
				TARGETED_DEVICE_FAMILY = "1,2";
				TEST_HOST = "$(BUILT_PRODUCTS_DIR)/Slots.app/Slots";
			};
			name = Debug;
		};
		096CC83229D4F6CF000FF86B /* Release */ = {
			isa = XCBuildConfiguration;
			buildSettings = {
				ALWAYS_EMBED_SWIFT_STANDARD_LIBRARIES = YES;
				BUNDLE_LOADER = "$(TEST_HOST)";
				CODE_SIGN_STYLE = Automatic;
				INFOPLIST_FILE = SlotsTests/Info.plist;
				IPHONEOS_DEPLOYMENT_TARGET = 14.0;
				LD_RUNPATH_SEARCH_PATHS = (
					"$(inherited)",
					"@executable_path/Frameworks",
					"@loader_path/Frameworks",
				);
				PRODUCT_BUNDLE_IDENTIFIER = "cmp430-lehman.SlotsTests";
				PRODUCT_NAME = "$(TARGET_NAME)";
				SWIFT_VERSION = 5.0;
				TARGETED_DEVICE_FAMILY = "1,2";
				TEST_HOST = "$(BUILT_PRODUCTS_DIR)/Slots.app/Slots";
			};
			name = Release;
		};
		096CC83429D4F6CF000FF86B /* Debug */ = {
			isa = XCBuildConfiguration;
			buildSettings = {
				ALWAYS_EMBED_SWIFT_STANDARD_LIBRARIES = YES;
				CODE_SIGN_STYLE = Automatic;
				INFOPLIST_FILE = SlotsUITests/Info.plist;
				LD_RUNPATH_SEARCH_PATHS = (
					"$(inherited)",
					"@executable_path/Frameworks",
					"@loader_path/Frameworks",
				);
				PRODUCT_BUNDLE_IDENTIFIER = "cmp430-lehman.SlotsUITests";
				PRODUCT_NAME = "$(TARGET_NAME)";
				SWIFT_VERSION = 5.0;
				TARGETED_DEVICE_FAMILY = "1,2";
				TEST_TARGET_NAME = Slots;
			};
			name = Debug;
		};
		096CC83529D4F6CF000FF86B /* Release */ = {
			isa = XCBuildConfiguration;
			buildSettings = {
				ALWAYS_EMBED_SWIFT_STANDARD_LIBRARIES = YES;
				CODE_SIGN_STYLE = Automatic;
				INFOPLIST_FILE = SlotsUITests/Info.plist;
				LD_RUNPATH_SEARCH_PATHS = (
					"$(inherited)",
					"@executable_path/Frameworks",
					"@loader_path/Frameworks",
				);
				PRODUCT_BUNDLE_IDENTIFIER = "cmp430-lehman.SlotsUITests";
				PRODUCT_NAME = "$(TARGET_NAME)";
				SWIFT_VERSION = 5.0;
				TARGETED_DEVICE_FAMILY = "1,2";
				TEST_TARGET_NAME = Slots;
			};
			name = Release;
		};
/* End XCBuildConfiguration section */

/* Begin XCConfigurationList section */
		096CC80329D4F6CE000FF86B /* Build configuration list for PBXProject "Slots" */ = {
			isa = XCConfigurationList;
			buildConfigurations = (
				096CC82B29D4F6CF000FF86B /* Debug */,
				096CC82C29D4F6CF000FF86B /* Release */,
			);
			defaultConfigurationIsVisible = 0;
			defaultConfigurationName = Release;
		};
		096CC82D29D4F6CF000FF86B /* Build configuration list for PBXNativeTarget "Slots" */ = {
			isa = XCConfigurationList;
			buildConfigurations = (
				096CC82E29D4F6CF000FF86B /* Debug */,
				096CC82F29D4F6CF000FF86B /* Release */,
			);
			defaultConfigurationIsVisible = 0;
			defaultConfigurationName = Release;
		};
		096CC83029D4F6CF000FF86B /* Build configuration list for PBXNativeTarget "SlotsTests" */ = {
			isa = XCConfigurationList;
			buildConfigurations = (
				096CC83129D4F6CF000FF86B /* Debug */,
				096CC83229D4F6CF000FF86B /* Release */,
			);
			defaultConfigurationIsVisible = 0;
			defaultConfigurationName = Release;
		};
		096CC83329D4F6CF000FF86B /* Build configuration list for PBXNativeTarget "SlotsUITests" */ = {
			isa = XCConfigurationList;
			buildConfigurations = (
				096CC83429D4F6CF000FF86B /* Debug */,
				096CC83529D4F6CF000FF86B /* Release */,
			);
			defaultConfigurationIsVisible = 0;
			defaultConfigurationName = Release;
		};
/* End XCConfigurationList section */
	};
	rootObject = 096CC80029D4F6CE000FF86B /* Project object */;
}
